// !$*UTF8*$!
{
	archiveVersion = 1;
	classes = {
	};
	objectVersion = 56;
	objects = {

/* Begin PBXBuildFile section */
		A10000010000000000000001 /* WaxOffApp.swift in Sources */ = {isa = PBXBuildFile; fileRef = A20000010000000000000001 /* WaxOffApp.swift */; };
		A10000020000000000000002 /* ContentView.swift in Sources */ = {isa = PBXBuildFile; fileRef = A20000020000000000000002 /* ContentView.swift */; };
		A10000030000000000000003 /* Assets.xcassets in Resources */ = {isa = PBXBuildFile; fileRef = A20000030000000000000003 /* Assets.xcassets */; };
		A10000040000000000000004 /* ProcessingOptions.swift in Sources */ = {isa = PBXBuildFile; fileRef = A20000040000000000000004 /* ProcessingOptions.swift */; };
		A10000050000000000000005 /* ProcessingJob.swift in Sources */ = {isa = PBXBuildFile; fileRef = A20000050000000000000005 /* ProcessingJob.swift */; };
		A10000060000000000000006 /* Preset.swift in Sources */ = {isa = PBXBuildFile; fileRef = A20000060000000000000006 /* Preset.swift */; };
		A10000070000000000000007 /* ProcessingQueue.swift in Sources */ = {isa = PBXBuildFile; fileRef = A20000070000000000000007 /* ProcessingQueue.swift */; };
		A10000080000000000000008 /* DropZoneView.swift in Sources */ = {isa = PBXBuildFile; fileRef = A20000080000000000000008 /* DropZoneView.swift */; };
		A10000090000000000000009 /* QueueItemView.swift in Sources */ = {isa = PBXBuildFile; fileRef = A20000090000000000000009 /* QueueItemView.swift */; };
		A10000100000000000000010 /* PresetPicker.swift in Sources */ = {isa = PBXBuildFile; fileRef = A20000100000000000000010 /* PresetPicker.swift */; };
		A10000110000000000000011 /* SettingsView.swift in Sources */ = {isa = PBXBuildFile; fileRef = A20000110000000000000011 /* SettingsView.swift */; };
		A10000120000000000000012 /* FFmpegService.swift in Sources */ = {isa = PBXBuildFile; fileRef = A20000120000000000000012 /* FFmpegService.swift */; };
		A10000130000000000000013 /* LogService.swift in Sources */ = {isa = PBXBuildFile; fileRef = A20000130000000000000013 /* LogService.swift */; };
		A10000150000000000000015 /* HelpView.swift in Sources */ = {isa = PBXBuildFile; fileRef = A20000150000000000000015 /* HelpView.swift */; };
		A10000160000000000000016 /* ffmpeg in Resources */ = {isa = PBXBuildFile; fileRef = A20000160000000000000016 /* ffmpeg */; };
		A10000170000000000000017 /* ffprobe in Resources */ = {isa = PBXBuildFile; fileRef = A20000170000000000000017 /* ffprobe */; };
/* End PBXBuildFile section */

/* Begin PBXFileReference section */
		A20000000000000000000000 /* WaxOff.app */ = {isa = PBXFileReference; explicitFileType = wrapper.application; includeInIndex = 0; path = WaxOff.app; sourceTree = BUILT_PRODUCTS_DIR; };
		A20000010000000000000001 /* WaxOffApp.swift */ = {isa = PBXFileReference; lastKnownFileType = sourcecode.swift; path = WaxOffApp.swift; sourceTree = "<group>"; };
		A20000020000000000000002 /* ContentView.swift */ = {isa = PBXFileReference; lastKnownFileType = sourcecode.swift; path = ContentView.swift; sourceTree = "<group>"; };
		A20000030000000000000003 /* Assets.xcassets */ = {isa = PBXFileReference; lastKnownFileType = folder.assetcatalog; path = Assets.xcassets; sourceTree = "<group>"; };
		A20000040000000000000004 /* ProcessingOptions.swift */ = {isa = PBXFileReference; lastKnownFileType = sourcecode.swift; path = ProcessingOptions.swift; sourceTree = "<group>"; };
		A20000050000000000000005 /* ProcessingJob.swift */ = {isa = PBXFileReference; lastKnownFileType = sourcecode.swift; path = ProcessingJob.swift; sourceTree = "<group>"; };
		A20000060000000000000006 /* Preset.swift */ = {isa = PBXFileReference; lastKnownFileType = sourcecode.swift; path = Preset.swift; sourceTree = "<group>"; };
		A20000070000000000000007 /* ProcessingQueue.swift */ = {isa = PBXFileReference; lastKnownFileType = sourcecode.swift; path = ProcessingQueue.swift; sourceTree = "<group>"; };
		A20000080000000000000008 /* DropZoneView.swift */ = {isa = PBXFileReference; lastKnownFileType = sourcecode.swift; path = DropZoneView.swift; sourceTree = "<group>"; };
		A20000090000000000000009 /* QueueItemView.swift */ = {isa = PBXFileReference; lastKnownFileType = sourcecode.swift; path = QueueItemView.swift; sourceTree = "<group>"; };
		A20000100000000000000010 /* PresetPicker.swift */ = {isa = PBXFileReference; lastKnownFileType = sourcecode.swift; path = PresetPicker.swift; sourceTree = "<group>"; };
		A20000110000000000000011 /* SettingsView.swift */ = {isa = PBXFileReference; lastKnownFileType = sourcecode.swift; path = SettingsView.swift; sourceTree = "<group>"; };
		A20000150000000000000015 /* HelpView.swift */ = {isa = PBXFileReference; lastKnownFileType = sourcecode.swift; path = HelpView.swift; sourceTree = "<group>"; };
		A20000120000000000000012 /* FFmpegService.swift */ = {isa = PBXFileReference; lastKnownFileType = sourcecode.swift; path = FFmpegService.swift; sourceTree = "<group>"; };
		A20000130000000000000013 /* LogService.swift */ = {isa = PBXFileReference; lastKnownFileType = sourcecode.swift; path = LogService.swift; sourceTree = "<group>"; };
		A20000140000000000000014 /* WaxOff.entitlements */ = {isa = PBXFileReference; lastKnownFileType = text.plist.entitlements; path = WaxOff.entitlements; sourceTree = "<group>"; };
		A20000160000000000000016 /* ffmpeg */ = {isa = PBXFileReference; lastKnownFileType = "compiled.mach-o.executable"; path = ffmpeg; sourceTree = "<group>"; };
		A20000170000000000000017 /* ffprobe */ = {isa = PBXFileReference; lastKnownFileType = "compiled.mach-o.executable"; path = ffprobe; sourceTree = "<group>"; };
/* End PBXFileReference section */

/* Begin PBXFrameworksBuildPhase section */
		A30000010000000000000001 /* Frameworks */ = {
			isa = PBXFrameworksBuildPhase;
			buildActionMask = 2147483647;
			files = (
			);
			runOnlyForDeploymentPostprocessing = 0;
		};
/* End PBXFrameworksBuildPhase section */

/* Begin PBXGroup section */
		A40000000000000000000000 = {
			isa = PBXGroup;
			children = (
				A40000010000000000000001 /* WaxOff */,
				A40000020000000000000002 /* Products */,
			);
			sourceTree = "<group>";
		};
		A40000010000000000000001 /* WaxOff */ = {
			isa = PBXGroup;
			children = (
				A20000010000000000000001 /* WaxOffApp.swift */,
				A20000020000000000000002 /* ContentView.swift */,
				A40000030000000000000003 /* Models */,
				A40000040000000000000004 /* ViewModels */,
				A40000050000000000000005 /* Views */,
				A40000060000000000000006 /* Services */,
				A40000070000000000000007 /* Resources */,
				A20000030000000000000003 /* Assets.xcassets */,
				A20000140000000000000014 /* WaxOff.entitlements */,
				A20000160000000000000016 /* ffmpeg */,
				A20000170000000000000017 /* ffprobe */,
			);
			path = WaxOff;
			sourceTree = "<group>";
		};
		A40000020000000000000002 /* Products */ = {
			isa = PBXGroup;
			children = (
				A20000000000000000000000 /* WaxOff.app */,
			);
			name = Products;
			sourceTree = "<group>";
		};
		A40000030000000000000003 /* Models */ = {
			isa = PBXGroup;
			children = (
				A20000040000000000000004 /* ProcessingOptions.swift */,
				A20000050000000000000005 /* ProcessingJob.swift */,
				A20000060000000000000006 /* Preset.swift */,
			);
			path = Models;
			sourceTree = "<group>";
		};
		A40000040000000000000004 /* ViewModels */ = {
			isa = PBXGroup;
			children = (
				A20000070000000000000007 /* ProcessingQueue.swift */,
			);
			path = ViewModels;
			sourceTree = "<group>";
		};
		A40000050000000000000005 /* Views */ = {
			isa = PBXGroup;
			children = (
				A20000080000000000000008 /* DropZoneView.swift */,
				A20000090000000000000009 /* QueueItemView.swift */,
				A20000100000000000000010 /* PresetPicker.swift */,
				A20000110000000000000011 /* SettingsView.swift */,
				A20000150000000000000015 /* HelpView.swift */,
			);
			path = Views;
			sourceTree = "<group>";
		};
		A40000060000000000000006 /* Services */ = {
			isa = PBXGroup;
			children = (
				A20000120000000000000012 /* FFmpegService.swift */,
				A20000130000000000000013 /* LogService.swift */,
			);
			path = Services;
			sourceTree = "<group>";
		};
		A40000070000000000000007 /* Resources */ = {
			isa = PBXGroup;
			children = (
			);
			path = Resources;
			sourceTree = "<group>";
		};
/* End PBXGroup section */

/* Begin PBXNativeTarget section */
		A50000010000000000000001 /* WaxOff */ = {
			isa = PBXNativeTarget;
			buildConfigurationList = A60000010000000000000001 /* Build configuration list for PBXNativeTarget "WaxOff" */;
			buildPhases = (
				A50000020000000000000002 /* Sources */,
				A30000010000000000000001 /* Frameworks */,
				A50000030000000000000003 /* Resources */,
			);
			buildRules = (
			);
			dependencies = (
			);
			name = WaxOff;
			productName = WaxOff;
			productReference = A20000000000000000000000 /* WaxOff.app */;
			productType = "com.apple.product-type.application";
		};
/* End PBXNativeTarget section */

/* Begin PBXProject section */
		A70000010000000000000001 /* Project object */ = {
			isa = PBXProject;
			attributes = {
				BuildIndependentTargetsInParallel = 1;
				LastSwiftUpdateCheck = 1500;
				LastUpgradeCheck = 1500;
				TargetAttributes = {
					A50000010000000000000001 = {
						CreatedOnToolsVersion = 15.0;
					};
				};
			};
			buildConfigurationList = A60000020000000000000002 /* Build configuration list for PBXProject "WaxOff" */;
			compatibilityVersion = "Xcode 14.0";
			developmentRegion = en;
			hasScannedForEncodings = 0;
			knownRegions = (
				en,
				Base,
			);
			mainGroup = A40000000000000000000000;
			productRefGroup = A40000020000000000000002 /* Products */;
			projectDirPath = "";
			projectRoot = "";
			targets = (
				A50000010000000000000001 /* WaxOff */,
			);
		};
/* End PBXProject section */

/* Begin PBXResourcesBuildPhase section */
		A50000030000000000000003 /* Resources */ = {
			isa = PBXResourcesBuildPhase;
			buildActionMask = 2147483647;
			files = (
				A10000030000000000000003 /* Assets.xcassets in Resources */,
				A10000160000000000000016 /* ffmpeg in Resources */,
				A10000170000000000000017 /* ffprobe in Resources */,
			);
			runOnlyForDeploymentPostprocessing = 0;
		};
/* End PBXResourcesBuildPhase section */

/* Begin PBXSourcesBuildPhase section */
		A50000020000000000000002 /* Sources */ = {
			isa = PBXSourcesBuildPhase;
			buildActionMask = 2147483647;
			files = (
				A10000010000000000000001 /* WaxOffApp.swift in Sources */,
				A10000020000000000000002 /* ContentView.swift in Sources */,
				A10000040000000000000004 /* ProcessingOptions.swift in Sources */,
				A10000050000000000000005 /* ProcessingJob.swift in Sources */,
				A10000060000000000000006 /* Preset.swift in Sources */,
				A10000070000000000000007 /* ProcessingQueue.swift in Sources */,
				A10000080000000000000008 /* DropZoneView.swift in Sources */,
				A10000090000000000000009 /* QueueItemView.swift in Sources */,
				A10000100000000000000010 /* PresetPicker.swift in Sources */,
				A10000110000000000000011 /* SettingsView.swift in Sources */,
				A10000150000000000000015 /* HelpView.swift in Sources */,
				A10000120000000000000012 /* FFmpegService.swift in Sources */,
				A10000130000000000000013 /* LogService.swift in Sources */,
			);
			runOnlyForDeploymentPostprocessing = 0;
		};
/* End PBXSourcesBuildPhase section */

/* Begin XCBuildConfiguration section */
		A80000010000000000000001 /* Debug */ = {
			isa = XCBuildConfiguration;
			buildSettings = {
				ALWAYS_SEARCH_USER_PATHS = NO;
				ASSETCATALOG_COMPILER_GENERATE_SWIFT_ASSET_SYMBOL_EXTENSIONS = YES;
				CLANG_ANALYZER_NONNULL = YES;
				CLANG_ANALYZER_NUMBER_OBJECT_CONVERSION = YES_AGGRESSIVE;
				CLANG_CXX_LANGUAGE_STANDARD = "gnu++20";
				CLANG_ENABLE_MODULES = YES;
				CLANG_ENABLE_OBJC_ARC = YES;
				CLANG_ENABLE_OBJC_WEAK = YES;
				CLANG_WARN_BLOCK_CAPTURE_AUTORELEASING = YES;
				CLANG_WARN_BOOL_CONVERSION = YES;
				CLANG_WARN_COMMA = YES;
				CLANG_WARN_CONSTANT_CONVERSION = YES;
				CLANG_WARN_DEPRECATED_OBJC_IMPLEMENTATIONS = YES;
				CLANG_WARN_DIRECT_OBJC_ISA_USAGE = YES_ERROR;
				CLANG_WARN_DOCUMENTATION_COMMENTS = YES;
				CLANG_WARN_EMPTY_BODY = YES;
				CLANG_WARN_ENUM_CONVERSION = YES;
				CLANG_WARN_INFINITE_RECURSION = YES;
				CLANG_WARN_INT_CONVERSION = YES;
				CLANG_WARN_NON_LITERAL_NULL_CONVERSION = YES;
				CLANG_WARN_OBJC_IMPLICIT_RETAIN_SELF = YES;
				CLANG_WARN_OBJC_LITERAL_CONVERSION = YES;
				CLANG_WARN_OBJC_ROOT_CLASS = YES_ERROR;
				CLANG_WARN_QUOTED_INCLUDE_IN_FRAMEWORK_HEADER = YES;
				CLANG_WARN_RANGE_LOOP_ANALYSIS = YES;
				CLANG_WARN_STRICT_PROTOTYPES = YES;
				CLANG_WARN_SUSPICIOUS_MOVE = YES;
				CLANG_WARN_UNGUARDED_AVAILABILITY = YES_AGGRESSIVE;
				CLANG_WARN_UNREACHABLE_CODE = YES;
				CLANG_WARN__DUPLICATE_METHOD_MATCH = YES;
				COPY_PHASE_STRIP = NO;
				DEBUG_INFORMATION_FORMAT = dwarf;
				ENABLE_STRICT_OBJC_MSGSEND = YES;
				ENABLE_TESTABILITY = YES;
				ENABLE_USER_SCRIPT_SANDBOXING = YES;
				GCC_C_LANGUAGE_STANDARD = gnu17;
				GCC_DYNAMIC_NO_PIC = NO;
				GCC_NO_COMMON_BLOCKS = YES;
				GCC_OPTIMIZATION_LEVEL = 0;
				GCC_PREPROCESSOR_DEFINITIONS = (
					"DEBUG=1",
					"$(inherited)",
				);
				GCC_WARN_64_TO_32_BIT_CONVERSION = YES;
				GCC_WARN_ABOUT_RETURN_TYPE = YES_ERROR;
				GCC_WARN_UNDECLARED_SELECTOR = YES;
				GCC_WARN_UNINITIALIZED_AUTOS = YES_AGGRESSIVE;
				GCC_WARN_UNUSED_FUNCTION = YES;
				GCC_WARN_UNUSED_VARIABLE = YES;
				LOCALIZATION_PREFERS_STRING_CATALOGS = YES;
				MACOSX_DEPLOYMENT_TARGET = 14.0;
				MTL_ENABLE_DEBUG_INFO = INCLUDE_SOURCE;
				MTL_FAST_MATH = YES;
				ONLY_ACTIVE_ARCH = YES;
				SDKROOT = macosx;
				SWIFT_ACTIVE_COMPILATION_CONDITIONS = "DEBUG $(inherited)";
				SWIFT_OPTIMIZATION_LEVEL = "-Onone";
			};
			name = Debug;
		};
		A80000020000000000000002 /* Release */ = {
			isa = XCBuildConfiguration;
			buildSettings = {
				ALWAYS_SEARCH_USER_PATHS = NO;
				ASSETCATALOG_COMPILER_GENERATE_SWIFT_ASSET_SYMBOL_EXTENSIONS = YES;
				CLANG_ANALYZER_NONNULL = YES;
				CLANG_ANALYZER_NUMBER_OBJECT_CONVERSION = YES_AGGRESSIVE;
				CLANG_CXX_LANGUAGE_STANDARD = "gnu++20";
				CLANG_ENABLE_MODULES = YES;
				CLANG_ENABLE_OBJC_ARC = YES;
				CLANG_ENABLE_OBJC_WEAK = YES;
				CLANG_WARN_BLOCK_CAPTURE_AUTORELEASING = YES;
				CLANG_WARN_BOOL_CONVERSION = YES;
				CLANG_WARN_COMMA = YES;
				CLANG_WARN_CONSTANT_CONVERSION = YES;
				CLANG_WARN_DEPRECATED_OBJC_IMPLEMENTATIONS = YES;
				CLANG_WARN_DIRECT_OBJC_ISA_USAGE = YES_ERROR;
				CLANG_WARN_DOCUMENTATION_COMMENTS = YES;
				CLANG_WARN_EMPTY_BODY = YES;
				CLANG_WARN_ENUM_CONVERSION = YES;
				CLANG_WARN_INFINITE_RECURSION = YES;
				CLANG_WARN_INT_CONVERSION = YES;
				CLANG_WARN_NON_LITERAL_NULL_CONVERSION = YES;
				CLANG_WARN_OBJC_IMPLICIT_RETAIN_SELF = YES;
				CLANG_WARN_OBJC_LITERAL_CONVERSION = YES;
				CLANG_WARN_OBJC_ROOT_CLASS = YES_ERROR;
				CLANG_WARN_QUOTED_INCLUDE_IN_FRAMEWORK_HEADER = YES;
				CLANG_WARN_RANGE_LOOP_ANALYSIS = YES;
				CLANG_WARN_STRICT_PROTOTYPES = YES;
				CLANG_WARN_SUSPICIOUS_MOVE = YES;
				CLANG_WARN_UNGUARDED_AVAILABILITY = YES_AGGRESSIVE;
				CLANG_WARN_UNREACHABLE_CODE = YES;
				CLANG_WARN__DUPLICATE_METHOD_MATCH = YES;
				COPY_PHASE_STRIP = NO;
				DEBUG_INFORMATION_FORMAT = "dwarf-with-dsym";
				ENABLE_NS_ASSERTIONS = NO;
				ENABLE_STRICT_OBJC_MSGSEND = YES;
				ENABLE_USER_SCRIPT_SANDBOXING = YES;
				GCC_C_LANGUAGE_STANDARD = gnu17;
				GCC_NO_COMMON_BLOCKS = YES;
				GCC_WARN_64_TO_32_BIT_CONVERSION = YES;
				GCC_WARN_ABOUT_RETURN_TYPE = YES_ERROR;
				GCC_WARN_UNDECLARED_SELECTOR = YES;
				GCC_WARN_UNINITIALIZED_AUTOS = YES_AGGRESSIVE;
				GCC_WARN_UNUSED_FUNCTION = YES;
				GCC_WARN_UNUSED_VARIABLE = YES;
				LOCALIZATION_PREFERS_STRING_CATALOGS = YES;
				MACOSX_DEPLOYMENT_TARGET = 14.0;
				MTL_ENABLE_DEBUG_INFO = NO;
				MTL_FAST_MATH = YES;
				SDKROOT = macosx;
				SWIFT_COMPILATION_MODE = wholemodule;
			};
			name = Release;
		};
		A80000030000000000000003 /* Debug */ = {
			isa = XCBuildConfiguration;
			buildSettings = {
				ASSETCATALOG_COMPILER_APPICON_NAME = AppIcon;
				ASSETCATALOG_COMPILER_GLOBAL_ACCENT_COLOR_NAME = AccentColor;
				CODE_SIGN_ENTITLEMENTS = WaxOff/WaxOff.entitlements;
				CODE_SIGN_STYLE = Automatic;
				COMBINE_HIDPI_IMAGES = YES;
				CURRENT_PROJECT_VERSION = 1;
				DEVELOPMENT_ASSET_PATHS = "";
				ENABLE_HARDENED_RUNTIME = YES;
				ENABLE_PREVIEWS = YES;
				GENERATE_INFOPLIST_FILE = YES;
				INFOPLIST_KEY_LSApplicationCategoryType = "public.app-category.utilities";
				INFOPLIST_KEY_NSHumanReadableCopyright = "© 2026 Seven Morris — 7morris@gmail.com\nLicensed under GPL-3.0";
				LD_RUNPATH_SEARCH_PATHS = (
					"$(inherited)",
					"@executable_path/../Frameworks",
				);
				MARKETING_VERSION = 2.4;
				PRODUCT_BUNDLE_IDENTIFIER = com.waxoff.app;
				PRODUCT_NAME = "$(TARGET_NAME)";
				SWIFT_EMIT_LOC_STRINGS = YES;
				SWIFT_VERSION = 5.0;
			};
			name = Debug;
		};
		A80000040000000000000004 /* Release */ = {
			isa = XCBuildConfiguration;
			buildSettings = {
				ASSETCATALOG_COMPILER_APPICON_NAME = AppIcon;
				ASSETCATALOG_COMPILER_GLOBAL_ACCENT_COLOR_NAME = AccentColor;
				CODE_SIGN_ENTITLEMENTS = WaxOff/WaxOff.entitlements;
				CODE_SIGN_STYLE = Automatic;
				COMBINE_HIDPI_IMAGES = YES;
				CURRENT_PROJECT_VERSION = 1;
				DEVELOPMENT_ASSET_PATHS = "";
				ENABLE_HARDENED_RUNTIME = YES;
				ENABLE_PREVIEWS = YES;
				GENERATE_INFOPLIST_FILE = YES;
				INFOPLIST_KEY_LSApplicationCategoryType = "public.app-category.utilities";
				INFOPLIST_KEY_NSHumanReadableCopyright = "© 2026 Seven Morris — 7morris@gmail.com\nLicensed under GPL-3.0";
				LD_RUNPATH_SEARCH_PATHS = (
					"$(inherited)",
					"@executable_path/../Frameworks",
				);
				MARKETING_VERSION = 2.4;
				PRODUCT_BUNDLE_IDENTIFIER = com.waxoff.app;
				PRODUCT_NAME = "$(TARGET_NAME)";
				SWIFT_EMIT_LOC_STRINGS = YES;
				SWIFT_VERSION = 5.0;
			};
			name = Release;
		};
/* End XCBuildConfiguration section */

/* Begin XCConfigurationList section */
		A60000010000000000000001 /* Build configuration list for PBXNativeTarget "WaxOff" */ = {
			isa = XCConfigurationList;
			buildConfigurations = (
				A80000030000000000000003 /* Debug */,
				A80000040000000000000004 /* Release */,
			);
			defaultConfigurationIsVisible = 0;
			defaultConfigurationName = Release;
		};
		A60000020000000000000002 /* Build configuration list for PBXProject "WaxOff" */ = {
			isa = XCConfigurationList;
			buildConfigurations = (
				A80000010000000000000001 /* Debug */,
				A80000020000000000000002 /* Release */,
			);
			defaultConfigurationIsVisible = 0;
			defaultConfigurationName = Release;
		};
/* End XCConfigurationList section */
	};
	rootObject = A70000010000000000000001 /* Project object */;
}
